{
  "name": "turbotesting-node",
  "version": "0.0.1",
  "lockfileVersion": 1,
  "requires": true,
  "dependencies": {
    "turbocommons-ts": {
      "version": "1.1.0",
      "resolved": "https://registry.npmjs.org/turbocommons-ts/-/turbocommons-ts-1.1.0.tgz",
      "integrity": "sha512-kYikhOny+0G5hu8tl9EELj1z73L1d6bwXdBHEtZaZSfypfv7ED0hIjKT5UNrTmyF6pXvrrv4n4ExlrwQ/O6qbQ=="
    }
  }
}
