{
  "name": "turbotesting-node",
  "version": "5.2.0",
  "lockfileVersion": 1,
  "requires": true,
  "dependencies": {
    "turbocommons-ts": {
      "version": "2.1.0",
      "resolved": "https://registry.npmjs.org/turbocommons-ts/-/turbocommons-ts-2.1.0.tgz",
      "integrity": "sha512-N/QokcNcBzIOCnHrCMpcXAVZI94LrAVMqE+0CwAKRdZkOZRzJ+a9ry1qjSIcL4WWq3yFcK7AbPwWjZxUlBnq5g=="
    },
    "turbodepot-node": {
      "version": "2.0.0",
      "resolved": "https://registry.npmjs.org/turbodepot-node/-/turbodepot-node-2.0.0.tgz",
      "integrity": "sha512-vYACQdDk0ABqOLGlgxxEUh2Fa78ajSK/T8KAdCXvFKbsew4A9igFIonycP8W3CByAU1U/zbLKl+gQxmK8b92iQ==",
      "requires": {
        "turbocommons-ts": "^2.1.0"
      }
    }
  }
}
