{
  "name": "turbotesting-node",
  "version": "0.3.2",
  "lockfileVersion": 1,
  "requires": true,
  "dependencies": {
    "turbocommons-ts": {
      "version": "1.1.0",
      "resolved": "https://registry.npmjs.org/turbocommons-ts/-/turbocommons-ts-1.1.0.tgz",
      "integrity": "sha512-kYikhOny+0G5hu8tl9EELj1z73L1d6bwXdBHEtZaZSfypfv7ED0hIjKT5UNrTmyF6pXvrrv4n4ExlrwQ/O6qbQ=="
    },
    "turbodepot-node": {
      "version": "0.0.1",
      "resolved": "https://registry.npmjs.org/turbodepot-node/-/turbodepot-node-0.0.1.tgz",
      "integrity": "sha512-awy4SFc7hTyzL+ZWur7YbKg9n1A5y+rvPci4nFR3ZeArA/bkCvx+iWUuaNo6+OIlU8rMFk9t76RvQ9uHjwckzQ==",
      "requires": {
        "turbocommons-ts": "0.9.0"
      },
      "dependencies": {
        "turbocommons-ts": {
          "version": "0.9.0",
          "resolved": "https://registry.npmjs.org/turbocommons-ts/-/turbocommons-ts-0.9.0.tgz",
          "integrity": "sha512-4c79yD6RHV9AAxDch/EARdkmPiWM4Dka2NkrJCuCYTcEjfPIuOKzvnIw12Q7vw2mcy/Y2XPja9kr86KgwcEzMw=="
        }
      }
    }
  }
}
